
Microsoft Visual Studio Solution File, Format Version 12.00
# Visual Studio Version 17
VisualStudioVersion = 17.6.33723.286
MinimumVisualStudioVersion = 10.0.40219.1
Project("{FAE04EC0-301F-11D3-BF4B-00C04F79EFBC}") = "NoteAppUI", "NoteAppUI\NoteAppUI.csproj", "{6D8ACF67-C488-4508-B2BB-8610238568B6}"
EndProject
Project("{FAE04EC0-301F-11D3-BF4B-00C04F79EFBC}") = "NoteApp", "NoteApp\NoteApp.csproj", "{86984859-5738-465B-B306-CED319D1F719}"
EndProject
Project("{FAE04EC0-301F-11D3-BF4B-00C04F79EFBC}") = "NoteApp.UnitTests", "NoteApp.UnitTests\NoteApp.UnitTests.csproj", "{89C06D33-83C7-4516-AA79-68F80FFB8DEC}"
EndProject
Global
	GlobalSection(SolutionConfigurationPlatforms) = preSolution
		Debug|Any CPU = Debug|Any CPU
		Release|Any CPU = Release|Any CPU
	EndGlobalSection
	GlobalSection(ProjectConfigurationPlatforms) = postSolution
		{6D8ACF67-C488-4508-B2BB-8610238568B6}.Debug|Any CPU.ActiveCfg = Debug|Any CPU
		{6D8ACF67-C488-4508-B2BB-8610238568B6}.Debug|Any CPU.Build.0 = Debug|Any CPU
		{6D8ACF67-C488-4508-B2BB-8610238568B6}.Release|Any CPU.ActiveCfg = Release|Any CPU
		{6D8ACF67-C488-4508-B2BB-8610238568B6}.Release|Any CPU.Build.0 = Release|Any CPU
		{86984859-5738-465B-B306-CED319D1F719}.Debug|Any CPU.ActiveCfg = Debug|Any CPU
		{86984859-5738-465B-B306-CED319D1F719}.Debug|Any CPU.Build.0 = Debug|Any CPU
		{86984859-5738-465B-B306-CED319D1F719}.Release|Any CPU.ActiveCfg = Release|Any CPU
		{86984859-5738-465B-B306-CED319D1F719}.Release|Any CPU.Build.0 = Release|Any CPU
		{89C06D33-83C7-4516-AA79-68F80FFB8DEC}.Debug|Any CPU.ActiveCfg = Debug|Any CPU
		{89C06D33-83C7-4516-AA79-68F80FFB8DEC}.Debug|Any CPU.Build.0 = Debug|Any CPU
		{89C06D33-83C7-4516-AA79-68F80FFB8DEC}.Release|Any CPU.ActiveCfg = Release|Any CPU
		{89C06D33-83C7-4516-AA79-68F80FFB8DEC}.Release|Any CPU.Build.0 = Release|Any CPU
	EndGlobalSection
	GlobalSection(SolutionProperties) = preSolution
		HideSolutionNode = FALSE
	EndGlobalSection
	GlobalSection(ExtensibilityGlobals) = postSolution
		SolutionGuid = {649E5F56-D7C0-4C4E-987A-2C2C842B85B8}
	EndGlobalSection
EndGlobal
